
Microsoft Visual Studio Solution File, Format Version 12.00
# Visual Studio 15
VisualStudioVersion = 15.0.27428.2037
MinimumVisualStudioVersion = 10.0.40219.1
Project("{FAE04EC0-301F-11D3-BF4B-00C04F79EFBC}") = "HMP.DataObjects.SisRNCWeb", "..\Bel.WebProject.SRW\HMP.DataObjects.SisRNCWeb\HMP.DataObjects.SisRNCWeb.csproj", "{3393FC44-ADBF-406C-AF26-83B21EAD39F5}"
EndProject
Project("{E24C65DC-7377-472B-9ABA-BC803B73C61A}") = "SisGNCWeb", "http://localhost/SisGNCWeb", "{02BF1014-83C6-49F9-84FB-6AD79EF56FD3}"
	ProjectSection(WebsiteProperties) = preProject
		UseIISExpress = "false"
		TargetFrameworkMoniker = ".NETFramework,Version%3Dv4.5.2"
		ProjectReferences = "{3393fc44-adbf-406c-af26-83b21ead39f5}|HMP.DataObjects.SisRNCWeb.dll;"
		Debug.AspNetCompiler.VirtualPath = "/SisGNCWeb"
		Debug.AspNetCompiler.PhysicalPath = "..\SisRNCWeb\"
		Debug.AspNetCompiler.TargetPath = "PrecompiledWeb\SisGNCWeb\"
		Debug.AspNetCompiler.Updateable = "true"
		Debug.AspNetCompiler.ForceOverwrite = "true"
		Debug.AspNetCompiler.FixedNames = "false"
		Debug.AspNetCompiler.Debug = "True"
		Release.AspNetCompiler.VirtualPath = "/SisGNCWeb"
		Release.AspNetCompiler.PhysicalPath = "..\SisRNCWeb\"
		Release.AspNetCompiler.TargetPath = "PrecompiledWeb\SisGNCWeb\"
		Release.AspNetCompiler.Updateable = "true"
		Release.AspNetCompiler.ForceOverwrite = "true"
		Release.AspNetCompiler.FixedNames = "false"
		Release.AspNetCompiler.Debug = "False"
		SlnRelativePath = "..\SisRNCWeb\"
	EndProjectSection
EndProject
Global
	GlobalSection(SolutionConfigurationPlatforms) = preSolution
		Debug|Any CPU = Debug|Any CPU
		Release|Any CPU = Release|Any CPU
	EndGlobalSection
	GlobalSection(ProjectConfigurationPlatforms) = postSolution
		{3393FC44-ADBF-406C-AF26-83B21EAD39F5}.Debug|Any CPU.ActiveCfg = Debug|Any CPU
		{3393FC44-ADBF-406C-AF26-83B21EAD39F5}.Debug|Any CPU.Build.0 = Debug|Any CPU
		{3393FC44-ADBF-406C-AF26-83B21EAD39F5}.Release|Any CPU.ActiveCfg = Release|Any CPU
		{3393FC44-ADBF-406C-AF26-83B21EAD39F5}.Release|Any CPU.Build.0 = Release|Any CPU
		{02BF1014-83C6-49F9-84FB-6AD79EF56FD3}.Debug|Any CPU.ActiveCfg = Debug|Any CPU
		{02BF1014-83C6-49F9-84FB-6AD79EF56FD3}.Debug|Any CPU.Build.0 = Debug|Any CPU
		{02BF1014-83C6-49F9-84FB-6AD79EF56FD3}.Release|Any CPU.ActiveCfg = Debug|Any CPU
		{02BF1014-83C6-49F9-84FB-6AD79EF56FD3}.Release|Any CPU.Build.0 = Debug|Any CPU
	EndGlobalSection
	GlobalSection(SolutionProperties) = preSolution
		HideSolutionNode = FALSE
	EndGlobalSection
	GlobalSection(ExtensibilityGlobals) = postSolution
		SolutionGuid = {D5CBA9F4-68FC-46A7-8752-DBCF0C03FD2D}
	EndGlobalSection
EndGlobal
